
Microsoft Visual Studio Solution File, Format Version 12.00
# Visual Studio Version 17
VisualStudioVersion = 17.9.34728.123
MinimumVisualStudioVersion = 10.0.40219.1
Project("{FAE04EC0-301F-11D3-BF4B-00C04F79EFBC}") = "FocusAssistant", "FocusAssistant.csproj", "{3F8D93A4-EF7A-4892-B621-3C901C7F24F6}"
EndProject
Global
	GlobalSection(SolutionConfigurationPlatforms) = preSolution
		Debug|Any CPU = Debug|Any CPU
		Release|Any CPU = Release|Any CPU
	EndGlobalSection
	GlobalSection(ProjectConfigurationPlatforms) = postSolution
		{3F8D93A4-EF7A-4892-B621-3C901C7F24F6}.Debug|Any CPU.ActiveCfg = Debug|Any CPU
		{3F8D93A4-EF7A-4892-B621-3C901C7F24F6}.Debug|Any CPU.Build.0 = Debug|Any CPU
		{3F8D93A4-EF7A-4892-B621-3C901C7F24F6}.Release|Any CPU.ActiveCfg = Release|Any CPU
		{3F8D93A4-EF7A-4892-B621-3C901C7F24F6}.Release|Any CPU.Build.0 = Release|Any CPU
	EndGlobalSection
	GlobalSection(SolutionProperties) = preSolution
		HideSolutionNode = FALSE
	EndGlobalSection
	GlobalSection(ExtensibilityGlobals) = postSolution
		SolutionGuid = {83BF5947-C70C-47B8-8300-4541360F2689}
	EndGlobalSection
EndGlobal
